
Microsoft Visual Studio Solution File, Format Version 12.00
# Visual Studio Version 17
VisualStudioVersion = 17.13.35931.197 d17.13
MinimumVisualStudioVersion = 10.0.40219.1
Project("{FAE04EC0-301F-11D3-BF4B-00C04F79EFBC}") = "ConsoleApp1", "ConsoleApp1.csproj", "{2E8AFFC4-76B8-4283-8521-FE361AC8B448}"
EndProject
Global
	GlobalSection(SolutionConfigurationPlatforms) = preSolution
		Debug|Any CPU = Debug|Any CPU
		Release|Any CPU = Release|Any CPU
	EndGlobalSection
	GlobalSection(ProjectConfigurationPlatforms) = postSolution
		{2E8AFFC4-76B8-4283-8521-FE361AC8B448}.Debug|Any CPU.ActiveCfg = Debug|Any CPU
		{2E8AFFC4-76B8-4283-8521-FE361AC8B448}.Debug|Any CPU.Build.0 = Debug|Any CPU
		{2E8AFFC4-76B8-4283-8521-FE361AC8B448}.Release|Any CPU.ActiveCfg = Release|Any CPU
		{2E8AFFC4-76B8-4283-8521-FE361AC8B448}.Release|Any CPU.Build.0 = Release|Any CPU
	EndGlobalSection
	GlobalSection(SolutionProperties) = preSolution
		HideSolutionNode = FALSE
	EndGlobalSection
	GlobalSection(ExtensibilityGlobals) = postSolution
		SolutionGuid = {F3D7CDF3-3F14-45C6-87A9-91FB613D1DC1}
	EndGlobalSection
EndGlobal
